
Microsoft Visual Studio Solution File, Format Version 12.00
# Visual Studio Version 17
VisualStudioVersion = 17.6.33829.357
MinimumVisualStudioVersion = 10.0.40219.1
Project("{9A19103F-16F7-4668-BE54-9A1E7A4F7556}") = "Dashboard.Hosts.Api", "src\Dashboard\Hosts\Dashboard.Hosts.Api\Dashboard.Hosts.Api.csproj", "{E97B2216-46D9-4B3B-9314-53BCEFACAB04}"
EndProject
Project("{2150E333-8FDC-42A3-9474-1A3956D46DE8}") = "src", "src", "{25DD713F-BBD3-4A6C-855A-C3B91615ABCC}"
EndProject
Project("{2150E333-8FDC-42A3-9474-1A3956D46DE8}") = "Dashboard", "Dashboard", "{24BB912E-0B0B-492E-A537-EBE0F750B405}"
EndProject
Project("{2150E333-8FDC-42A3-9474-1A3956D46DE8}") = "Hosts", "Hosts", "{B89D1FEF-DF7F-4994-919D-90695D0466A3}"
EndProject
Project("{2150E333-8FDC-42A3-9474-1A3956D46DE8}") = "Contracts", "Contracts", "{F86183AD-C6B0-40D9-8FBF-982BB324A5E3}"
EndProject
Project("{2150E333-8FDC-42A3-9474-1A3956D46DE8}") = "Application", "Application", "{3C604023-7978-433D-961F-237BDF5D2C24}"
EndProject
Project("{2150E333-8FDC-42A3-9474-1A3956D46DE8}") = "Clients", "Clients", "{1894AABE-2CFA-42B2-8632-C86F5A8B38DC}"
EndProject
Project("{2150E333-8FDC-42A3-9474-1A3956D46DE8}") = "Domain", "Domain", "{87CB491F-D1E7-41BB-B3CD-6B003CD6FC31}"
EndProject
Project("{2150E333-8FDC-42A3-9474-1A3956D46DE8}") = "Infrastructure", "Infrastructure", "{9B4BC0B8-9E7A-4B5E-9727-8C776A9F692D}"
EndProject
Project("{9A19103F-16F7-4668-BE54-9A1E7A4F7556}") = "Dashboard.Domain", "src\Dashboard\Domain\Dashboard.Domain\Dashboard.Domain.csproj", "{C7FC01E9-4A31-470C-8ABA-C029885FF636}"
EndProject
Project("{9A19103F-16F7-4668-BE54-9A1E7A4F7556}") = "Dashboard.Contracts", "src\Dashboard\Contracts\Dashboard.Contracts\Dashboard.Contracts.csproj", "{BBB6C87D-2E04-4FB4-A850-017196BF5F84}"
EndProject
Project("{9A19103F-16F7-4668-BE54-9A1E7A4F7556}") = "Dashboard.Clients", "src\Dashboard\Clients\Dashboard.Clients\Dashboard.Clients.csproj", "{DB262EE3-16D0-4F67-8046-800B39E43B3D}"
EndProject
Project("{9A19103F-16F7-4668-BE54-9A1E7A4F7556}") = "Dashboard.Application.AppServices", "src\Dashboard\Application\Dashboard.Application.AppServices\Dashboard.Application.AppServices.csproj", "{150F11E9-A02F-4199-9153-6D0BCD0EDF5B}"
EndProject
Project("{9A19103F-16F7-4668-BE54-9A1E7A4F7556}") = "Dashboard.Infrastructure.DataAccess", "src\Dashboard\Infrastructure\Dashboard.Infrastructure.DataAccess\Dashboard.Infrastructure.DataAccess.csproj", "{8D02FA52-8A7B-4890-BAB0-D7D10D6E32D8}"
EndProject
Project("{9A19103F-16F7-4668-BE54-9A1E7A4F7556}") = "Dashboard.Infrastructure", "src\Dashboard\Infrastructure\Dashboard.Infrastructure\Dashboard.Infrastructure.csproj", "{42462D76-4511-4CA0-8D74-CC27D51FEA42}"
EndProject
Project("{9A19103F-16F7-4668-BE54-9A1E7A4F7556}") = "Dashboard.Infrastructure.ComponentRegistrar", "src\Dashboard\Infrastructure\Dashboard.Infrastructure.ComponentRegistrar\Dashboard.Infrastructure.ComponentRegistrar.csproj", "{2EB66CB8-98F2-4862-A205-98F2BD7519A0}"
EndProject
Project("{FAE04EC0-301F-11D3-BF4B-00C04F79EFBC}") = "Dashboards.Hosts.DbMigrator", "Dashboards.Hosts.DbMigrator\Dashboards.Hosts.DbMigrator.csproj", "{7401CC9D-3D2F-431F-A823-0A7E9342CD56}"
EndProject
Global
	GlobalSection(SolutionConfigurationPlatforms) = preSolution
		Debug|Any CPU = Debug|Any CPU
		Release|Any CPU = Release|Any CPU
	EndGlobalSection
	GlobalSection(ProjectConfigurationPlatforms) = postSolution
		{E97B2216-46D9-4B3B-9314-53BCEFACAB04}.Debug|Any CPU.ActiveCfg = Debug|Any CPU
		{E97B2216-46D9-4B3B-9314-53BCEFACAB04}.Debug|Any CPU.Build.0 = Debug|Any CPU
		{E97B2216-46D9-4B3B-9314-53BCEFACAB04}.Release|Any CPU.ActiveCfg = Release|Any CPU
		{E97B2216-46D9-4B3B-9314-53BCEFACAB04}.Release|Any CPU.Build.0 = Release|Any CPU
		{C7FC01E9-4A31-470C-8ABA-C029885FF636}.Debug|Any CPU.ActiveCfg = Debug|Any CPU
		{C7FC01E9-4A31-470C-8ABA-C029885FF636}.Debug|Any CPU.Build.0 = Debug|Any CPU
		{C7FC01E9-4A31-470C-8ABA-C029885FF636}.Release|Any CPU.ActiveCfg = Release|Any CPU
		{C7FC01E9-4A31-470C-8ABA-C029885FF636}.Release|Any CPU.Build.0 = Release|Any CPU
		{BBB6C87D-2E04-4FB4-A850-017196BF5F84}.Debug|Any CPU.ActiveCfg = Debug|Any CPU
		{BBB6C87D-2E04-4FB4-A850-017196BF5F84}.Debug|Any CPU.Build.0 = Debug|Any CPU
		{BBB6C87D-2E04-4FB4-A850-017196BF5F84}.Release|Any CPU.ActiveCfg = Release|Any CPU
		{BBB6C87D-2E04-4FB4-A850-017196BF5F84}.Release|Any CPU.Build.0 = Release|Any CPU
		{DB262EE3-16D0-4F67-8046-800B39E43B3D}.Debug|Any CPU.ActiveCfg = Debug|Any CPU
		{DB262EE3-16D0-4F67-8046-800B39E43B3D}.Debug|Any CPU.Build.0 = Debug|Any CPU
		{DB262EE3-16D0-4F67-8046-800B39E43B3D}.Release|Any CPU.ActiveCfg = Release|Any CPU
		{DB262EE3-16D0-4F67-8046-800B39E43B3D}.Release|Any CPU.Build.0 = Release|Any CPU
		{150F11E9-A02F-4199-9153-6D0BCD0EDF5B}.Debug|Any CPU.ActiveCfg = Debug|Any CPU
		{150F11E9-A02F-4199-9153-6D0BCD0EDF5B}.Debug|Any CPU.Build.0 = Debug|Any CPU
		{150F11E9-A02F-4199-9153-6D0BCD0EDF5B}.Release|Any CPU.ActiveCfg = Release|Any CPU
		{150F11E9-A02F-4199-9153-6D0BCD0EDF5B}.Release|Any CPU.Build.0 = Release|Any CPU
		{8D02FA52-8A7B-4890-BAB0-D7D10D6E32D8}.Debug|Any CPU.ActiveCfg = Debug|Any CPU
		{8D02FA52-8A7B-4890-BAB0-D7D10D6E32D8}.Debug|Any CPU.Build.0 = Debug|Any CPU
		{8D02FA52-8A7B-4890-BAB0-D7D10D6E32D8}.Release|Any CPU.ActiveCfg = Release|Any CPU
		{8D02FA52-8A7B-4890-BAB0-D7D10D6E32D8}.Release|Any CPU.Build.0 = Release|Any CPU
		{42462D76-4511-4CA0-8D74-CC27D51FEA42}.Debug|Any CPU.ActiveCfg = Debug|Any CPU
		{42462D76-4511-4CA0-8D74-CC27D51FEA42}.Debug|Any CPU.Build.0 = Debug|Any CPU
		{42462D76-4511-4CA0-8D74-CC27D51FEA42}.Release|Any CPU.ActiveCfg = Release|Any CPU
		{42462D76-4511-4CA0-8D74-CC27D51FEA42}.Release|Any CPU.Build.0 = Release|Any CPU
		{2EB66CB8-98F2-4862-A205-98F2BD7519A0}.Debug|Any CPU.ActiveCfg = Debug|Any CPU
		{2EB66CB8-98F2-4862-A205-98F2BD7519A0}.Debug|Any CPU.Build.0 = Debug|Any CPU
		{2EB66CB8-98F2-4862-A205-98F2BD7519A0}.Release|Any CPU.ActiveCfg = Release|Any CPU
		{2EB66CB8-98F2-4862-A205-98F2BD7519A0}.Release|Any CPU.Build.0 = Release|Any CPU
		{7401CC9D-3D2F-431F-A823-0A7E9342CD56}.Debug|Any CPU.ActiveCfg = Debug|Any CPU
		{7401CC9D-3D2F-431F-A823-0A7E9342CD56}.Debug|Any CPU.Build.0 = Debug|Any CPU
		{7401CC9D-3D2F-431F-A823-0A7E9342CD56}.Release|Any CPU.ActiveCfg = Release|Any CPU
		{7401CC9D-3D2F-431F-A823-0A7E9342CD56}.Release|Any CPU.Build.0 = Release|Any CPU
	EndGlobalSection
	GlobalSection(SolutionProperties) = preSolution
		HideSolutionNode = FALSE
	EndGlobalSection
	GlobalSection(NestedProjects) = preSolution
		{E97B2216-46D9-4B3B-9314-53BCEFACAB04} = {B89D1FEF-DF7F-4994-919D-90695D0466A3}
		{24BB912E-0B0B-492E-A537-EBE0F750B405} = {25DD713F-BBD3-4A6C-855A-C3B91615ABCC}
		{B89D1FEF-DF7F-4994-919D-90695D0466A3} = {24BB912E-0B0B-492E-A537-EBE0F750B405}
		{F86183AD-C6B0-40D9-8FBF-982BB324A5E3} = {24BB912E-0B0B-492E-A537-EBE0F750B405}
		{3C604023-7978-433D-961F-237BDF5D2C24} = {24BB912E-0B0B-492E-A537-EBE0F750B405}
		{1894AABE-2CFA-42B2-8632-C86F5A8B38DC} = {24BB912E-0B0B-492E-A537-EBE0F750B405}
		{87CB491F-D1E7-41BB-B3CD-6B003CD6FC31} = {24BB912E-0B0B-492E-A537-EBE0F750B405}
		{9B4BC0B8-9E7A-4B5E-9727-8C776A9F692D} = {24BB912E-0B0B-492E-A537-EBE0F750B405}
		{C7FC01E9-4A31-470C-8ABA-C029885FF636} = {87CB491F-D1E7-41BB-B3CD-6B003CD6FC31}
		{BBB6C87D-2E04-4FB4-A850-017196BF5F84} = {F86183AD-C6B0-40D9-8FBF-982BB324A5E3}
		{DB262EE3-16D0-4F67-8046-800B39E43B3D} = {1894AABE-2CFA-42B2-8632-C86F5A8B38DC}
		{150F11E9-A02F-4199-9153-6D0BCD0EDF5B} = {3C604023-7978-433D-961F-237BDF5D2C24}
		{8D02FA52-8A7B-4890-BAB0-D7D10D6E32D8} = {9B4BC0B8-9E7A-4B5E-9727-8C776A9F692D}
		{42462D76-4511-4CA0-8D74-CC27D51FEA42} = {9B4BC0B8-9E7A-4B5E-9727-8C776A9F692D}
		{2EB66CB8-98F2-4862-A205-98F2BD7519A0} = {9B4BC0B8-9E7A-4B5E-9727-8C776A9F692D}
		{7401CC9D-3D2F-431F-A823-0A7E9342CD56} = {B89D1FEF-DF7F-4994-919D-90695D0466A3}
	EndGlobalSection
	GlobalSection(ExtensibilityGlobals) = postSolution
		SolutionGuid = {0E2B4B50-35F0-4920-9A2A-89452C145B48}
	EndGlobalSection
EndGlobal
